
Microsoft Visual Studio Solution File, Format Version 12.00
# Visual Studio Version 16
VisualStudioVersion = 16.0.32228.343
MinimumVisualStudioVersion = 10.0.40219.1
Project("{FAE04EC0-301F-11D3-BF4B-00C04F79EFBC}") = "SAML_SSO_2_0", "SAML_SSO_2_0\SAML_SSO_2_0.csproj", "{9D229154-1FE4-415E-AA44-C2758A60CF92}"
EndProject
Global
	GlobalSection(SolutionConfigurationPlatforms) = preSolution
		Debug|Any CPU = Debug|Any CPU
		Release|Any CPU = Release|Any CPU
	EndGlobalSection
	GlobalSection(ProjectConfigurationPlatforms) = postSolution
		{9D229154-1FE4-415E-AA44-C2758A60CF92}.Debug|Any CPU.ActiveCfg = Debug|Any CPU
		{9D229154-1FE4-415E-AA44-C2758A60CF92}.Debug|Any CPU.Build.0 = Debug|Any CPU
		{9D229154-1FE4-415E-AA44-C2758A60CF92}.Release|Any CPU.ActiveCfg = Release|Any CPU
		{9D229154-1FE4-415E-AA44-C2758A60CF92}.Release|Any CPU.Build.0 = Release|Any CPU
	EndGlobalSection
	GlobalSection(SolutionProperties) = preSolution
		HideSolutionNode = FALSE
	EndGlobalSection
	GlobalSection(ExtensibilityGlobals) = postSolution
		SolutionGuid = {98E1D703-934D-4526-BFEC-805DB7D078CB}
	EndGlobalSection
EndGlobal
